// !$*UTF8*$!
{
	archiveVersion = 1;
	classes = {
	};
	objectVersion = 56;
	objects = {

/* Begin PBXBuildFile section */
		106D1001F344D7331BA3EB6F /* AmplifyModels.swift in Sources */ = {isa = PBXBuildFile; fileRef = C2FB579B1F3FCBB92BBDE932 /* AmplifyModels.swift */; };
		433852FA925940BCF03664BC /* NoteData+Schema.swift in Sources */ = {isa = PBXBuildFile; fileRef = A57DE1162BAD5D75FDADF469 /* NoteData+Schema.swift */; };
		B34F86EB2ABC07F8003E64E4 /* BSCFC_Admin_AppApp.swift in Sources */ = {isa = PBXBuildFile; fileRef = B34F86EA2ABC07F8003E64E4 /* BSCFC_Admin_AppApp.swift */; };
		B34F86ED2ABC07F8003E64E4 /* ContentView.swift in Sources */ = {isa = PBXBuildFile; fileRef = B34F86EC2ABC07F8003E64E4 /* ContentView.swift */; };
		B34F86EF2ABC07FA003E64E4 /* Assets.xcassets in Resources */ = {isa = PBXBuildFile; fileRef = B34F86EE2ABC07FA003E64E4 /* Assets.xcassets */; };
		B34F86F22ABC07FA003E64E4 /* Preview Assets.xcassets in Resources */ = {isa = PBXBuildFile; fileRef = B34F86F12ABC07FA003E64E4 /* Preview Assets.xcassets */; };
		B34F86F92ABC0C3B003E64E4 /* Model.swift in Sources */ = {isa = PBXBuildFile; fileRef = B34F86F82ABC0C3B003E64E4 /* Model.swift */; };
		B34F86FB2ABC0C6A003E64E4 /* UserData.swift in Sources */ = {isa = PBXBuildFile; fileRef = B34F86FA2ABC0C6A003E64E4 /* UserData.swift */; };
		B34F86FE2ABC0EC2003E64E4 /* AWSAPIPlugin in Frameworks */ = {isa = PBXBuildFile; productRef = B34F86FD2ABC0EC2003E64E4 /* AWSAPIPlugin */; };
		B34F87002ABC0EC2003E64E4 /* AWSCloudWatchLoggingPlugin in Frameworks */ = {isa = PBXBuildFile; productRef = B34F86FF2ABC0EC2003E64E4 /* AWSCloudWatchLoggingPlugin */; };
		B34F87022ABC0EC2003E64E4 /* AWSCognitoAuthPlugin in Frameworks */ = {isa = PBXBuildFile; productRef = B34F87012ABC0EC2003E64E4 /* AWSCognitoAuthPlugin */; };
		B34F87042ABC0EC2003E64E4 /* AWSDataStorePlugin in Frameworks */ = {isa = PBXBuildFile; productRef = B34F87032ABC0EC2003E64E4 /* AWSDataStorePlugin */; };
		B34F87062ABC0EC2003E64E4 /* AWSLocationGeoPlugin in Frameworks */ = {isa = PBXBuildFile; productRef = B34F87052ABC0EC2003E64E4 /* AWSLocationGeoPlugin */; };
		B34F87082ABC0EC2003E64E4 /* AWSPinpointAnalyticsPlugin in Frameworks */ = {isa = PBXBuildFile; productRef = B34F87072ABC0EC2003E64E4 /* AWSPinpointAnalyticsPlugin */; };
		B34F870A2ABC0EC2003E64E4 /* AWSPinpointPushNotificationsPlugin in Frameworks */ = {isa = PBXBuildFile; productRef = B34F87092ABC0EC2003E64E4 /* AWSPinpointPushNotificationsPlugin */; };
		B34F870C2ABC0EC2003E64E4 /* AWSPluginsCore in Frameworks */ = {isa = PBXBuildFile; productRef = B34F870B2ABC0EC2003E64E4 /* AWSPluginsCore */; };
		B34F870E2ABC0EC2003E64E4 /* AWSPredictionsPlugin in Frameworks */ = {isa = PBXBuildFile; productRef = B34F870D2ABC0EC2003E64E4 /* AWSPredictionsPlugin */; };
		B34F87102ABC0EC2003E64E4 /* AWSS3StoragePlugin in Frameworks */ = {isa = PBXBuildFile; productRef = B34F870F2ABC0EC2003E64E4 /* AWSS3StoragePlugin */; };
		B34F87122ABC0EC2003E64E4 /* Amplify in Frameworks */ = {isa = PBXBuildFile; productRef = B34F87112ABC0EC2003E64E4 /* Amplify */; };
		B34F87142ABC0EC2003E64E4 /* CoreMLPredictionsPlugin in Frameworks */ = {isa = PBXBuildFile; productRef = B34F87132ABC0EC2003E64E4 /* CoreMLPredictionsPlugin */; };
		B34F87162ABC0F05003E64E4 /* Backend.swift in Sources */ = {isa = PBXBuildFile; fileRef = B34F87152ABC0F05003E64E4 /* Backend.swift */; };
		B34F871A2ABC1465003E64E4 /* awsconfiguration.json in Resources */ = {isa = PBXBuildFile; fileRef = B34F87182ABC1465003E64E4 /* awsconfiguration.json */; };
		B34F871B2ABC1465003E64E4 /* amplifyconfiguration.json in Resources */ = {isa = PBXBuildFile; fileRef = B34F87192ABC1465003E64E4 /* amplifyconfiguration.json */; };
		B34F871F2ABD5860003E64E4 /* ViewModel.swift in Sources */ = {isa = PBXBuildFile; fileRef = B34F871E2ABD5860003E64E4 /* ViewModel.swift */; };
		B34F87232ABD6617003E64E4 /* generated in Resources */ = {isa = PBXBuildFile; fileRef = B34F87222ABD6617003E64E4 /* generated */; };
		B34F87252ABEAF16003E64E4 /* Launch Screen.storyboard in Resources */ = {isa = PBXBuildFile; fileRef = B34F87242ABEAF16003E64E4 /* Launch Screen.storyboard */; };
		F651A2826E3DE6BD239B13A5 /* NoteData.swift in Sources */ = {isa = PBXBuildFile; fileRef = 9A1EB6A8E12DF9DEFB1127B5 /* NoteData.swift */; };
/* End PBXBuildFile section */

/* Begin PBXFileReference section */
		2AE76148C7FCE40460695086 /* awsconfiguration.json */ = {isa = PBXFileReference; explicitFileType = text.json; path = awsconfiguration.json; sourceTree = "<group>"; };
		857F852A016C169CF8CD0418 /* amplifyconfiguration.json */ = {isa = PBXFileReference; explicitFileType = text.json; path = amplifyconfiguration.json; sourceTree = "<group>"; };
		9A1EB6A8E12DF9DEFB1127B5 /* NoteData.swift */ = {isa = PBXFileReference; explicitFileType = sourcecode.swift; name = NoteData.swift; path = amplify/generated/models/NoteData.swift; sourceTree = "<group>"; };
		A57DE1162BAD5D75FDADF469 /* NoteData+Schema.swift */ = {isa = PBXFileReference; explicitFileType = sourcecode.swift; name = "NoteData+Schema.swift"; path = "amplify/generated/models/NoteData+Schema.swift"; sourceTree = "<group>"; };
		B34F86E72ABC07F8003E64E4 /* BSCFC Admin App.app */ = {isa = PBXFileReference; explicitFileType = wrapper.application; includeInIndex = 0; path = "BSCFC Admin App.app"; sourceTree = BUILT_PRODUCTS_DIR; };
		B34F86EA2ABC07F8003E64E4 /* BSCFC_Admin_AppApp.swift */ = {isa = PBXFileReference; lastKnownFileType = sourcecode.swift; path = BSCFC_Admin_AppApp.swift; sourceTree = "<group>"; };
		B34F86EC2ABC07F8003E64E4 /* ContentView.swift */ = {isa = PBXFileReference; lastKnownFileType = sourcecode.swift; path = ContentView.swift; sourceTree = "<group>"; };
		B34F86EE2ABC07FA003E64E4 /* Assets.xcassets */ = {isa = PBXFileReference; lastKnownFileType = folder.assetcatalog; path = Assets.xcassets; sourceTree = "<group>"; };
		B34F86F12ABC07FA003E64E4 /* Preview Assets.xcassets */ = {isa = PBXFileReference; lastKnownFileType = folder.assetcatalog; path = "Preview Assets.xcassets"; sourceTree = "<group>"; };
		B34F86F82ABC0C3B003E64E4 /* Model.swift */ = {isa = PBXFileReference; lastKnownFileType = sourcecode.swift; path = Model.swift; sourceTree = "<group>"; };
		B34F86FA2ABC0C6A003E64E4 /* UserData.swift */ = {isa = PBXFileReference; lastKnownFileType = sourcecode.swift; path = UserData.swift; sourceTree = "<group>"; };
		B34F87152ABC0F05003E64E4 /* Backend.swift */ = {isa = PBXFileReference; lastKnownFileType = sourcecode.swift; path = Backend.swift; sourceTree = "<group>"; };
		B34F87172ABC11DD003E64E4 /* BSCFC-Admin-App-Info.plist */ = {isa = PBXFileReference; lastKnownFileType = text.plist; path = "BSCFC-Admin-App-Info.plist"; sourceTree = SOURCE_ROOT; };
		B34F87182ABC1465003E64E4 /* awsconfiguration.json */ = {isa = PBXFileReference; fileEncoding = 4; lastKnownFileType = text.json; path = awsconfiguration.json; sourceTree = "<group>"; };
		B34F87192ABC1465003E64E4 /* amplifyconfiguration.json */ = {isa = PBXFileReference; fileEncoding = 4; lastKnownFileType = text.json; path = amplifyconfiguration.json; sourceTree = "<group>"; };
		B34F871E2ABD5860003E64E4 /* ViewModel.swift */ = {isa = PBXFileReference; lastKnownFileType = sourcecode.swift; path = ViewModel.swift; sourceTree = "<group>"; };
		B34F87222ABD6617003E64E4 /* generated */ = {isa = PBXFileReference; fileEncoding = 4; lastKnownFileType = text; name = generated; path = amplify/generated; sourceTree = SOURCE_ROOT; };
		B34F87242ABEAF16003E64E4 /* Launch Screen.storyboard */ = {isa = PBXFileReference; lastKnownFileType = file.storyboard; path = "Launch Screen.storyboard"; sourceTree = "<group>"; };
		C2FB579B1F3FCBB92BBDE932 /* AmplifyModels.swift */ = {isa = PBXFileReference; explicitFileType = sourcecode.swift; name = AmplifyModels.swift; path = amplify/generated/models/AmplifyModels.swift; sourceTree = "<group>"; };
/* End PBXFileReference section */

/* Begin PBXFrameworksBuildPhase section */
		B34F86E42ABC07F8003E64E4 /* Frameworks */ = {
			isa = PBXFrameworksBuildPhase;
			buildActionMask = 2147483647;
			files = (
				B34F86FE2ABC0EC2003E64E4 /* AWSAPIPlugin in Frameworks */,
				B34F87082ABC0EC2003E64E4 /* AWSPinpointAnalyticsPlugin in Frameworks */,
				B34F87062ABC0EC2003E64E4 /* AWSLocationGeoPlugin in Frameworks */,
				B34F87002ABC0EC2003E64E4 /* AWSCloudWatchLoggingPlugin in Frameworks */,
				B34F87122ABC0EC2003E64E4 /* Amplify in Frameworks */,
				B34F870E2ABC0EC2003E64E4 /* AWSPredictionsPlugin in Frameworks */,
				B34F87102ABC0EC2003E64E4 /* AWSS3StoragePlugin in Frameworks */,
				B34F870C2ABC0EC2003E64E4 /* AWSPluginsCore in Frameworks */,
				B34F87142ABC0EC2003E64E4 /* CoreMLPredictionsPlugin in Frameworks */,
				B34F87022ABC0EC2003E64E4 /* AWSCognitoAuthPlugin in Frameworks */,
				B34F870A2ABC0EC2003E64E4 /* AWSPinpointPushNotificationsPlugin in Frameworks */,
				B34F87042ABC0EC2003E64E4 /* AWSDataStorePlugin in Frameworks */,
			);
			runOnlyForDeploymentPostprocessing = 0;
		};
/* End PBXFrameworksBuildPhase section */

/* Begin PBXGroup section */
		AAA414F9F010DA0285BC9577 /* AmplifyConfig */ = {
			isa = PBXGroup;
			children = (
				2AE76148C7FCE40460695086 /* awsconfiguration.json */,
				857F852A016C169CF8CD0418 /* amplifyconfiguration.json */,
			);
			name = AmplifyConfig;
			sourceTree = "<group>";
		};
		ADCA5AFE03B1370238E9A533 /* AmplifyModels */ = {
			isa = PBXGroup;
			children = (
				C2FB579B1F3FCBB92BBDE932 /* AmplifyModels.swift */,
				A57DE1162BAD5D75FDADF469 /* NoteData+Schema.swift */,
				9A1EB6A8E12DF9DEFB1127B5 /* NoteData.swift */,
			);
			name = AmplifyModels;
			sourceTree = "<group>";
		};
		B34F86DE2ABC07F8003E64E4 = {
			isa = PBXGroup;
			children = (
				B34F87192ABC1465003E64E4 /* amplifyconfiguration.json */,
				B34F87182ABC1465003E64E4 /* awsconfiguration.json */,
				B34F86E92ABC07F8003E64E4 /* BSCFC Admin App */,
				B34F86E82ABC07F8003E64E4 /* Products */,
				AAA414F9F010DA0285BC9577 /* AmplifyConfig */,
				ADCA5AFE03B1370238E9A533 /* AmplifyModels */,
			);
			sourceTree = "<group>";
		};
		B34F86E82ABC07F8003E64E4 /* Products */ = {
			isa = PBXGroup;
			children = (
				B34F86E72ABC07F8003E64E4 /* BSCFC Admin App.app */,
			);
			name = Products;
			sourceTree = "<group>";
		};
		B34F86E92ABC07F8003E64E4 /* BSCFC Admin App */ = {
			isa = PBXGroup;
			children = (
				B34F87222ABD6617003E64E4 /* generated */,
				B34F87172ABC11DD003E64E4 /* BSCFC-Admin-App-Info.plist */,
				B34F86EA2ABC07F8003E64E4 /* BSCFC_Admin_AppApp.swift */,
				B34F86EC2ABC07F8003E64E4 /* ContentView.swift */,
				B34F86F82ABC0C3B003E64E4 /* Model.swift */,
				B34F87242ABEAF16003E64E4 /* Launch Screen.storyboard */,
				B34F86FA2ABC0C6A003E64E4 /* UserData.swift */,
				B34F871E2ABD5860003E64E4 /* ViewModel.swift */,
				B34F87152ABC0F05003E64E4 /* Backend.swift */,
				B34F86EE2ABC07FA003E64E4 /* Assets.xcassets */,
				B34F86F02ABC07FA003E64E4 /* Preview Content */,
			);
			path = "BSCFC Admin App";
			sourceTree = "<group>";
		};
		B34F86F02ABC07FA003E64E4 /* Preview Content */ = {
			isa = PBXGroup;
			children = (
				B34F86F12ABC07FA003E64E4 /* Preview Assets.xcassets */,
			);
			path = "Preview Content";
			sourceTree = "<group>";
		};
/* End PBXGroup section */

/* Begin PBXNativeTarget section */
		B34F86E62ABC07F8003E64E4 /* BSCFC Admin App */ = {
			isa = PBXNativeTarget;
			buildConfigurationList = B34F86F52ABC07FA003E64E4 /* Build configuration list for PBXNativeTarget "BSCFC Admin App" */;
			buildPhases = (
				B34F86E32ABC07F8003E64E4 /* Sources */,
				B34F86E42ABC07F8003E64E4 /* Frameworks */,
				B34F86E52ABC07F8003E64E4 /* Resources */,
			);
			buildRules = (
			);
			dependencies = (
			);
			name = "BSCFC Admin App";
			packageProductDependencies = (
				B34F86FD2ABC0EC2003E64E4 /* AWSAPIPlugin */,
				B34F86FF2ABC0EC2003E64E4 /* AWSCloudWatchLoggingPlugin */,
				B34F87012ABC0EC2003E64E4 /* AWSCognitoAuthPlugin */,
				B34F87032ABC0EC2003E64E4 /* AWSDataStorePlugin */,
				B34F87052ABC0EC2003E64E4 /* AWSLocationGeoPlugin */,
				B34F87072ABC0EC2003E64E4 /* AWSPinpointAnalyticsPlugin */,
				B34F87092ABC0EC2003E64E4 /* AWSPinpointPushNotificationsPlugin */,
				B34F870B2ABC0EC2003E64E4 /* AWSPluginsCore */,
				B34F870D2ABC0EC2003E64E4 /* AWSPredictionsPlugin */,
				B34F870F2ABC0EC2003E64E4 /* AWSS3StoragePlugin */,
				B34F87112ABC0EC2003E64E4 /* Amplify */,
				B34F87132ABC0EC2003E64E4 /* CoreMLPredictionsPlugin */,
			);
			productName = "BSCFC Admin App";
			productReference = B34F86E72ABC07F8003E64E4 /* BSCFC Admin App.app */;
			productType = "com.apple.product-type.application";
		};
/* End PBXNativeTarget section */

/* Begin PBXProject section */
		B34F86DF2ABC07F8003E64E4 /* Project object */ = {
			isa = PBXProject;
			attributes = {
				BuildIndependentTargetsInParallel = 1;
				LastSwiftUpdateCheck = 1500;
				LastUpgradeCheck = 1500;
				TargetAttributes = {
					B34F86E62ABC07F8003E64E4 = {
						CreatedOnToolsVersion = 15.0;
					};
				};
			};
			buildConfigurationList = B34F86E22ABC07F8003E64E4 /* Build configuration list for PBXProject "BSCFC Admin App" */;
			compatibilityVersion = "Xcode 14.0";
			developmentRegion = en;
			hasScannedForEncodings = 0;
			knownRegions = (
				en,
				Base,
			);
			mainGroup = B34F86DE2ABC07F8003E64E4;
			packageReferences = (
				B34F86FC2ABC0EC2003E64E4 /* XCRemoteSwiftPackageReference "amplify-swift" */,
			);
			productRefGroup = B34F86E82ABC07F8003E64E4 /* Products */;
			projectDirPath = "";
			projectRoot = "";
			targets = (
				B34F86E62ABC07F8003E64E4 /* BSCFC Admin App */,
			);
		};
/* End PBXProject section */

/* Begin PBXResourcesBuildPhase section */
		B34F86E52ABC07F8003E64E4 /* Resources */ = {
			isa = PBXResourcesBuildPhase;
			buildActionMask = 2147483647;
			files = (
				B34F87232ABD6617003E64E4 /* generated in Resources */,
				B34F871A2ABC1465003E64E4 /* awsconfiguration.json in Resources */,
				B34F87252ABEAF16003E64E4 /* Launch Screen.storyboard in Resources */,
				B34F871B2ABC1465003E64E4 /* amplifyconfiguration.json in Resources */,
				B34F86F22ABC07FA003E64E4 /* Preview Assets.xcassets in Resources */,
				B34F86EF2ABC07FA003E64E4 /* Assets.xcassets in Resources */,
			);
			runOnlyForDeploymentPostprocessing = 0;
		};
/* End PBXResourcesBuildPhase section */

/* Begin PBXSourcesBuildPhase section */
		B34F86E32ABC07F8003E64E4 /* Sources */ = {
			isa = PBXSourcesBuildPhase;
			buildActionMask = 2147483647;
			files = (
				B34F86F92ABC0C3B003E64E4 /* Model.swift in Sources */,
				B34F871F2ABD5860003E64E4 /* ViewModel.swift in Sources */,
				B34F86ED2ABC07F8003E64E4 /* ContentView.swift in Sources */,
				B34F86FB2ABC0C6A003E64E4 /* UserData.swift in Sources */,
				B34F86EB2ABC07F8003E64E4 /* BSCFC_Admin_AppApp.swift in Sources */,
				B34F87162ABC0F05003E64E4 /* Backend.swift in Sources */,
				106D1001F344D7331BA3EB6F /* AmplifyModels.swift in Sources */,
				433852FA925940BCF03664BC /* NoteData+Schema.swift in Sources */,
				F651A2826E3DE6BD239B13A5 /* NoteData.swift in Sources */,
			);
			runOnlyForDeploymentPostprocessing = 0;
		};
/* End PBXSourcesBuildPhase section */

/* Begin XCBuildConfiguration section */
		B34F86F32ABC07FA003E64E4 /* Debug */ = {
			isa = XCBuildConfiguration;
			buildSettings = {
				ALWAYS_SEARCH_USER_PATHS = NO;
				ASSETCATALOG_COMPILER_GENERATE_SWIFT_ASSET_SYMBOL_EXTENSIONS = YES;
				CLANG_ANALYZER_NONNULL = YES;
				CLANG_ANALYZER_NUMBER_OBJECT_CONVERSION = YES_AGGRESSIVE;
				CLANG_CXX_LANGUAGE_STANDARD = "gnu++20";
				CLANG_ENABLE_MODULES = YES;
				CLANG_ENABLE_OBJC_ARC = YES;
				CLANG_ENABLE_OBJC_WEAK = YES;
				CLANG_WARN_BLOCK_CAPTURE_AUTORELEASING = YES;
				CLANG_WARN_BOOL_CONVERSION = YES;
				CLANG_WARN_COMMA = YES;
				CLANG_WARN_CONSTANT_CONVERSION = YES;
				CLANG_WARN_DEPRECATED_OBJC_IMPLEMENTATIONS = YES;
				CLANG_WARN_DIRECT_OBJC_ISA_USAGE = YES_ERROR;
				CLANG_WARN_DOCUMENTATION_COMMENTS = YES;
				CLANG_WARN_EMPTY_BODY = YES;
				CLANG_WARN_ENUM_CONVERSION = YES;
				CLANG_WARN_INFINITE_RECURSION = YES;
				CLANG_WARN_INT_CONVERSION = YES;
				CLANG_WARN_NON_LITERAL_NULL_CONVERSION = YES;
				CLANG_WARN_OBJC_IMPLICIT_RETAIN_SELF = YES;
				CLANG_WARN_OBJC_LITERAL_CONVERSION = YES;
				CLANG_WARN_OBJC_ROOT_CLASS = YES_ERROR;
				CLANG_WARN_QUOTED_INCLUDE_IN_FRAMEWORK_HEADER = YES;
				CLANG_WARN_RANGE_LOOP_ANALYSIS = YES;
				CLANG_WARN_STRICT_PROTOTYPES = YES;
				CLANG_WARN_SUSPICIOUS_MOVE = YES;
				CLANG_WARN_UNGUARDED_AVAILABILITY = YES_AGGRESSIVE;
				CLANG_WARN_UNREACHABLE_CODE = YES;
				CLANG_WARN__DUPLICATE_METHOD_MATCH = YES;
				COPY_PHASE_STRIP = NO;
				DEBUG_INFORMATION_FORMAT = dwarf;
				ENABLE_STRICT_OBJC_MSGSEND = YES;
				ENABLE_TESTABILITY = YES;
				ENABLE_USER_SCRIPT_SANDBOXING = YES;
				GCC_C_LANGUAGE_STANDARD = gnu17;
				GCC_DYNAMIC_NO_PIC = NO;
				GCC_NO_COMMON_BLOCKS = YES;
				GCC_OPTIMIZATION_LEVEL = 0;
				GCC_PREPROCESSOR_DEFINITIONS = (
					"DEBUG=1",
					"$(inherited)",
				);
				GCC_WARN_64_TO_32_BIT_CONVERSION = YES;
				GCC_WARN_ABOUT_RETURN_TYPE = YES_ERROR;
				GCC_WARN_UNDECLARED_SELECTOR = YES;
				GCC_WARN_UNINITIALIZED_AUTOS = YES_AGGRESSIVE;
				GCC_WARN_UNUSED_FUNCTION = YES;
				GCC_WARN_UNUSED_VARIABLE = YES;
				IPHONEOS_DEPLOYMENT_TARGET = 17.0;
				LOCALIZATION_PREFERS_STRING_CATALOGS = YES;
				MTL_ENABLE_DEBUG_INFO = INCLUDE_SOURCE;
				MTL_FAST_MATH = YES;
				ONLY_ACTIVE_ARCH = YES;
				SDKROOT = iphoneos;
				SWIFT_ACTIVE_COMPILATION_CONDITIONS = "DEBUG $(inherited)";
				SWIFT_OPTIMIZATION_LEVEL = "-Onone";
			};
			name = Debug;
		};
		B34F86F42ABC07FA003E64E4 /* Release */ = {
			isa = XCBuildConfiguration;
			buildSettings = {
				ALWAYS_SEARCH_USER_PATHS = NO;
				ASSETCATALOG_COMPILER_GENERATE_SWIFT_ASSET_SYMBOL_EXTENSIONS = YES;
				CLANG_ANALYZER_NONNULL = YES;
				CLANG_ANALYZER_NUMBER_OBJECT_CONVERSION = YES_AGGRESSIVE;
				CLANG_CXX_LANGUAGE_STANDARD = "gnu++20";
				CLANG_ENABLE_MODULES = YES;
				CLANG_ENABLE_OBJC_ARC = YES;
				CLANG_ENABLE_OBJC_WEAK = YES;
				CLANG_WARN_BLOCK_CAPTURE_AUTORELEASING = YES;
				CLANG_WARN_BOOL_CONVERSION = YES;
				CLANG_WARN_COMMA = YES;
				CLANG_WARN_CONSTANT_CONVERSION = YES;
				CLANG_WARN_DEPRECATED_OBJC_IMPLEMENTATIONS = YES;
				CLANG_WARN_DIRECT_OBJC_ISA_USAGE = YES_ERROR;
				CLANG_WARN_DOCUMENTATION_COMMENTS = YES;
				CLANG_WARN_EMPTY_BODY = YES;
				CLANG_WARN_ENUM_CONVERSION = YES;
				CLANG_WARN_INFINITE_RECURSION = YES;
				CLANG_WARN_INT_CONVERSION = YES;
				CLANG_WARN_NON_LITERAL_NULL_CONVERSION = YES;
				CLANG_WARN_OBJC_IMPLICIT_RETAIN_SELF = YES;
				CLANG_WARN_OBJC_LITERAL_CONVERSION = YES;
				CLANG_WARN_OBJC_ROOT_CLASS = YES_ERROR;
				CLANG_WARN_QUOTED_INCLUDE_IN_FRAMEWORK_HEADER = YES;
				CLANG_WARN_RANGE_LOOP_ANALYSIS = YES;
				CLANG_WARN_STRICT_PROTOTYPES = YES;
				CLANG_WARN_SUSPICIOUS_MOVE = YES;
				CLANG_WARN_UNGUARDED_AVAILABILITY = YES_AGGRESSIVE;
				CLANG_WARN_UNREACHABLE_CODE = YES;
				CLANG_WARN__DUPLICATE_METHOD_MATCH = YES;
				COPY_PHASE_STRIP = NO;
				DEBUG_INFORMATION_FORMAT = "dwarf-with-dsym";
				ENABLE_NS_ASSERTIONS = NO;
				ENABLE_STRICT_OBJC_MSGSEND = YES;
				ENABLE_USER_SCRIPT_SANDBOXING = YES;
				GCC_C_LANGUAGE_STANDARD = gnu17;
				GCC_NO_COMMON_BLOCKS = YES;
				GCC_WARN_64_TO_32_BIT_CONVERSION = YES;
				GCC_WARN_ABOUT_RETURN_TYPE = YES_ERROR;
				GCC_WARN_UNDECLARED_SELECTOR = YES;
				GCC_WARN_UNINITIALIZED_AUTOS = YES_AGGRESSIVE;
				GCC_WARN_UNUSED_FUNCTION = YES;
				GCC_WARN_UNUSED_VARIABLE = YES;
				IPHONEOS_DEPLOYMENT_TARGET = 17.0;
				LOCALIZATION_PREFERS_STRING_CATALOGS = YES;
				MTL_ENABLE_DEBUG_INFO = NO;
				MTL_FAST_MATH = YES;
				SDKROOT = iphoneos;
				SWIFT_COMPILATION_MODE = wholemodule;
				VALIDATE_PRODUCT = YES;
			};
			name = Release;
		};
		B34F86F62ABC07FA003E64E4 /* Debug */ = {
			isa = XCBuildConfiguration;
			buildSettings = {
				ASSETCATALOG_COMPILER_APPICON_NAME = AppIcon;
				ASSETCATALOG_COMPILER_GLOBAL_ACCENT_COLOR_NAME = AccentColor;
				ASSETCATALOG_COMPILER_INCLUDE_ALL_APPICON_ASSETS = YES;
				CODE_SIGN_STYLE = Automatic;
				CURRENT_PROJECT_VERSION = 1;
				DEVELOPMENT_ASSET_PATHS = "\"BSCFC Admin App/Preview Content\"";
				ENABLE_PREVIEWS = YES;
				GENERATE_INFOPLIST_FILE = YES;
				INFOPLIST_FILE = "BSCFC-Admin-App-Info.plist";
				INFOPLIST_KEY_UIApplicationSceneManifest_Generation = YES;
				INFOPLIST_KEY_UIApplicationSupportsIndirectInputEvents = YES;
				INFOPLIST_KEY_UILaunchScreen_Generation = YES;
				INFOPLIST_KEY_UILaunchStoryboardName = "Launch Screen.storyboard";
				INFOPLIST_KEY_UISupportedInterfaceOrientations_iPad = "UIInterfaceOrientationPortrait UIInterfaceOrientationPortraitUpsideDown UIInterfaceOrientationLandscapeLeft UIInterfaceOrientationLandscapeRight";
				INFOPLIST_KEY_UISupportedInterfaceOrientations_iPhone = "UIInterfaceOrientationPortrait UIInterfaceOrientationLandscapeLeft UIInterfaceOrientationLandscapeRight";
				LD_RUNPATH_SEARCH_PATHS = (
					"$(inherited)",
					"@executable_path/Frameworks",
				);
				MARKETING_VERSION = 1.0;
				PRODUCT_BUNDLE_IDENTIFIER = "BSCFC.BSCFC-Admin-App";
				PRODUCT_NAME = "$(TARGET_NAME)";
				SWIFT_EMIT_LOC_STRINGS = YES;
				SWIFT_VERSION = 5.0;
				TARGETED_DEVICE_FAMILY = "1,2";
			};
			name = Debug;
		};
		B34F86F72ABC07FA003E64E4 /* Release */ = {
			isa = XCBuildConfiguration;
			buildSettings = {
				ASSETCATALOG_COMPILER_APPICON_NAME = AppIcon;
				ASSETCATALOG_COMPILER_GLOBAL_ACCENT_COLOR_NAME = AccentColor;
				ASSETCATALOG_COMPILER_INCLUDE_ALL_APPICON_ASSETS = YES;
				CODE_SIGN_STYLE = Automatic;
				CURRENT_PROJECT_VERSION = 1;
				DEVELOPMENT_ASSET_PATHS = "\"BSCFC Admin App/Preview Content\"";
				ENABLE_PREVIEWS = YES;
				GENERATE_INFOPLIST_FILE = YES;
				INFOPLIST_FILE = "BSCFC-Admin-App-Info.plist";
				INFOPLIST_KEY_UIApplicationSceneManifest_Generation = YES;
				INFOPLIST_KEY_UIApplicationSupportsIndirectInputEvents = YES;
				INFOPLIST_KEY_UILaunchScreen_Generation = YES;
				INFOPLIST_KEY_UILaunchStoryboardName = "Launch Screen.storyboard";
				INFOPLIST_KEY_UISupportedInterfaceOrientations_iPad = "UIInterfaceOrientationPortrait UIInterfaceOrientationPortraitUpsideDown UIInterfaceOrientationLandscapeLeft UIInterfaceOrientationLandscapeRight";
				INFOPLIST_KEY_UISupportedInterfaceOrientations_iPhone = "UIInterfaceOrientationPortrait UIInterfaceOrientationLandscapeLeft UIInterfaceOrientationLandscapeRight";
				LD_RUNPATH_SEARCH_PATHS = (
					"$(inherited)",
					"@executable_path/Frameworks",
				);
				MARKETING_VERSION = 1.0;
				PRODUCT_BUNDLE_IDENTIFIER = "BSCFC.BSCFC-Admin-App";
				PRODUCT_NAME = "$(TARGET_NAME)";
				SWIFT_EMIT_LOC_STRINGS = YES;
				SWIFT_VERSION = 5.0;
				TARGETED_DEVICE_FAMILY = "1,2";
			};
			name = Release;
		};
/* End XCBuildConfiguration section */

/* Begin XCConfigurationList section */
		B34F86E22ABC07F8003E64E4 /* Build configuration list for PBXProject "BSCFC Admin App" */ = {
			isa = XCConfigurationList;
			buildConfigurations = (
				B34F86F32ABC07FA003E64E4 /* Debug */,
				B34F86F42ABC07FA003E64E4 /* Release */,
			);
			defaultConfigurationIsVisible = 0;
			defaultConfigurationName = Release;
		};
		B34F86F52ABC07FA003E64E4 /* Build configuration list for PBXNativeTarget "BSCFC Admin App" */ = {
			isa = XCConfigurationList;
			buildConfigurations = (
				B34F86F62ABC07FA003E64E4 /* Debug */,
				B34F86F72ABC07FA003E64E4 /* Release */,
			);
			defaultConfigurationIsVisible = 0;
			defaultConfigurationName = Release;
		};
/* End XCConfigurationList section */

/* Begin XCRemoteSwiftPackageReference section */
		B34F86FC2ABC0EC2003E64E4 /* XCRemoteSwiftPackageReference "amplify-swift" */ = {
			isa = XCRemoteSwiftPackageReference;
			repositoryURL = "https://github.com/aws-amplify/amplify-swift";
			requirement = {
				kind = upToNextMajorVersion;
				minimumVersion = 2.18.0;
			};
		};
/* End XCRemoteSwiftPackageReference section */

/* Begin XCSwiftPackageProductDependency section */
		B34F86FD2ABC0EC2003E64E4 /* AWSAPIPlugin */ = {
			isa = XCSwiftPackageProductDependency;
			package = B34F86FC2ABC0EC2003E64E4 /* XCRemoteSwiftPackageReference "amplify-swift" */;
			productName = AWSAPIPlugin;
		};
		B34F86FF2ABC0EC2003E64E4 /* AWSCloudWatchLoggingPlugin */ = {
			isa = XCSwiftPackageProductDependency;
			package = B34F86FC2ABC0EC2003E64E4 /* XCRemoteSwiftPackageReference "amplify-swift" */;
			productName = AWSCloudWatchLoggingPlugin;
		};
		B34F87012ABC0EC2003E64E4 /* AWSCognitoAuthPlugin */ = {
			isa = XCSwiftPackageProductDependency;
			package = B34F86FC2ABC0EC2003E64E4 /* XCRemoteSwiftPackageReference "amplify-swift" */;
			productName = AWSCognitoAuthPlugin;
		};
		B34F87032ABC0EC2003E64E4 /* AWSDataStorePlugin */ = {
			isa = XCSwiftPackageProductDependency;
			package = B34F86FC2ABC0EC2003E64E4 /* XCRemoteSwiftPackageReference "amplify-swift" */;
			productName = AWSDataStorePlugin;
		};
		B34F87052ABC0EC2003E64E4 /* AWSLocationGeoPlugin */ = {
			isa = XCSwiftPackageProductDependency;
			package = B34F86FC2ABC0EC2003E64E4 /* XCRemoteSwiftPackageReference "amplify-swift" */;
			productName = AWSLocationGeoPlugin;
		};
		B34F87072ABC0EC2003E64E4 /* AWSPinpointAnalyticsPlugin */ = {
			isa = XCSwiftPackageProductDependency;
			package = B34F86FC2ABC0EC2003E64E4 /* XCRemoteSwiftPackageReference "amplify-swift" */;
			productName = AWSPinpointAnalyticsPlugin;
		};
		B34F87092ABC0EC2003E64E4 /* AWSPinpointPushNotificationsPlugin */ = {
			isa = XCSwiftPackageProductDependency;
			package = B34F86FC2ABC0EC2003E64E4 /* XCRemoteSwiftPackageReference "amplify-swift" */;
			productName = AWSPinpointPushNotificationsPlugin;
		};
		B34F870B2ABC0EC2003E64E4 /* AWSPluginsCore */ = {
			isa = XCSwiftPackageProductDependency;
			package = B34F86FC2ABC0EC2003E64E4 /* XCRemoteSwiftPackageReference "amplify-swift" */;
			productName = AWSPluginsCore;
		};
		B34F870D2ABC0EC2003E64E4 /* AWSPredictionsPlugin */ = {
			isa = XCSwiftPackageProductDependency;
			package = B34F86FC2ABC0EC2003E64E4 /* XCRemoteSwiftPackageReference "amplify-swift" */;
			productName = AWSPredictionsPlugin;
		};
		B34F870F2ABC0EC2003E64E4 /* AWSS3StoragePlugin */ = {
			isa = XCSwiftPackageProductDependency;
			package = B34F86FC2ABC0EC2003E64E4 /* XCRemoteSwiftPackageReference "amplify-swift" */;
			productName = AWSS3StoragePlugin;
		};
		B34F87112ABC0EC2003E64E4 /* Amplify */ = {
			isa = XCSwiftPackageProductDependency;
			package = B34F86FC2ABC0EC2003E64E4 /* XCRemoteSwiftPackageReference "amplify-swift" */;
			productName = Amplify;
		};
		B34F87132ABC0EC2003E64E4 /* CoreMLPredictionsPlugin */ = {
			isa = XCSwiftPackageProductDependency;
			package = B34F86FC2ABC0EC2003E64E4 /* XCRemoteSwiftPackageReference "amplify-swift" */;
			productName = CoreMLPredictionsPlugin;
		};
/* End XCSwiftPackageProductDependency section */
	};
	rootObject = B34F86DF2ABC07F8003E64E4 /* Project object */;
}
